{
  "name": "Anythink-Market-d1okr",
  "lockfileVersion": 2,
  "requires": true,
  "packages": {
    "": {
      "dependencies": {
        "react-image-fallback": "^8.0.0"
      }
    },
    "node_modules/filter-invalid-dom-props": {
      "version": "1.0.0",
      "resolved": "https://registry.npmjs.org/filter-invalid-dom-props/-/filter-invalid-dom-props-1.0.0.tgz",
      "integrity": "sha512-2Tl5k16bsJEhDVJN2c7vRO5cjADip3351hARUbsLUb7ca6t8w+k0fhpzSUQBPpefzfDDC5AtHklxYrTYALqYaQ==",
      "dependencies": {
        "html-attributes": "1.1.0"
      }
    },
    "node_modules/html-attributes": {
      "version": "1.1.0",
      "resolved": "https://registry.npmjs.org/html-attributes/-/html-attributes-1.1.0.tgz",
      "integrity": "sha512-reT/KK6Ju+DZqAbAn3sIkpMH+658kEsaEjpNrej2O5XSUsH5SzVHX7NGZk5RiZcVi7l+RsV+5q3C6TqM5vxsVA==",
      "engines": {
        "node": ">= 0.10.26",
        "npm": ">=1.4.3"
      }
    },
    "node_modules/js-tokens": {
      "version": "4.0.0",
      "resolved": "https://registry.npmjs.org/js-tokens/-/js-tokens-4.0.0.tgz",
      "integrity": "sha512-RdJUflcE3cUzKiMqQgsCu06FPu9UdIJO0beYbPhHN4k6apgJtifcoCtT9bcxOpYBtpD2kCM6Sbzg4CausW/PKQ=="
    },
    "node_modules/loose-envify": {
      "version": "1.4.0",
      "resolved": "https://registry.npmjs.org/loose-envify/-/loose-envify-1.4.0.tgz",
      "integrity": "sha512-lyuxPGr/Wfhrlem2CL/UcnUc1zcqKAImBDzukY7Y5F/yQiNdko6+fRLevlw1HgMySw7f611UIY408EtxRSoK3Q==",
      "dependencies": {
        "js-tokens": "^3.0.0 || ^4.0.0"
      },
      "bin": {
        "loose-envify": "cli.js"
      }
    },
    "node_modules/object-assign": {
      "version": "4.1.1",
      "resolved": "https://registry.npmjs.org/object-assign/-/object-assign-4.1.1.tgz",
      "integrity": "sha512-rJgTQnkUnH1sFw8yT6VSU3zD3sWmu6sZhIseY8VX+GRu3P6F7Fu+JNDoXfklElbLJSnc3FUQHVe4cU5hj+BcUg==",
      "engines": {
        "node": ">=0.10.0"
      }
    },
    "node_modules/prop-types": {
      "version": "15.8.1",
      "resolved": "https://registry.npmjs.org/prop-types/-/prop-types-15.8.1.tgz",
      "integrity": "sha512-oj87CgZICdulUohogVAR7AjlC0327U4el4L6eAvOqCeudMDVU0NThNaV+b9Df4dXgSP1gXMTnPdhfe/2qDH5cg==",
      "dependencies": {
        "loose-envify": "^1.4.0",
        "object-assign": "^4.1.1",
        "react-is": "^16.13.1"
      }
    },
    "node_modules/react": {
      "version": "18.2.0",
      "resolved": "https://registry.npmjs.org/react/-/react-18.2.0.tgz",
      "integrity": "sha512-/3IjMdb2L9QbBdWiW5e3P2/npwMBaU9mHCSCUzNln0ZCYbcfTsGbTJrU/kGemdH2IWmB2ioZ+zkxtmq6g09fGQ==",
      "peer": true,
      "dependencies": {
        "loose-envify": "^1.1.0"
      },
      "engines": {
        "node": ">=0.10.0"
      }
    },
    "node_modules/react-image-fallback": {
      "version": "8.0.0",
      "resolved": "https://registry.npmjs.org/react-image-fallback/-/react-image-fallback-8.0.0.tgz",
      "integrity": "sha512-vvlxApJU7/mVl/1PYZTYROHZsG8cBxhHWj4JqkjN/ZAyf5srdAdIW0fg25jz5CYhGbKRJyv1WRrkNiy5FOA7kw==",
      "dependencies": {
        "filter-invalid-dom-props": "1.0.0",
        "prop-types": "^15.5.10"
      },
      "peerDependencies": {
        "react": ">=0.13"
      }
    },
    "node_modules/react-is": {
      "version": "16.13.1",
      "resolved": "https://registry.npmjs.org/react-is/-/react-is-16.13.1.tgz",
      "integrity": "sha512-24e6ynE2H+OKt4kqsOvNd8kBpV65zoxbA4BVsEOB3ARVWQki/DHzaUoC5KuON/BiccDaCCTZBuOcfZs70kR8bQ=="
    }
  },
  "dependencies": {
    "filter-invalid-dom-props": {
      "version": "1.0.0",
      "resolved": "https://registry.npmjs.org/filter-invalid-dom-props/-/filter-invalid-dom-props-1.0.0.tgz",
      "integrity": "sha512-2Tl5k16bsJEhDVJN2c7vRO5cjADip3351hARUbsLUb7ca6t8w+k0fhpzSUQBPpefzfDDC5AtHklxYrTYALqYaQ==",
      "requires": {
        "html-attributes": "1.1.0"
      }
    },
    "html-attributes": {
      "version": "1.1.0",
      "resolved": "https://registry.npmjs.org/html-attributes/-/html-attributes-1.1.0.tgz",
      "integrity": "sha512-reT/KK6Ju+DZqAbAn3sIkpMH+658kEsaEjpNrej2O5XSUsH5SzVHX7NGZk5RiZcVi7l+RsV+5q3C6TqM5vxsVA=="
    },
    "js-tokens": {
      "version": "4.0.0",
      "resolved": "https://registry.npmjs.org/js-tokens/-/js-tokens-4.0.0.tgz",
      "integrity": "sha512-RdJUflcE3cUzKiMqQgsCu06FPu9UdIJO0beYbPhHN4k6apgJtifcoCtT9bcxOpYBtpD2kCM6Sbzg4CausW/PKQ=="
    },
    "loose-envify": {
      "version": "1.4.0",
      "resolved": "https://registry.npmjs.org/loose-envify/-/loose-envify-1.4.0.tgz",
      "integrity": "sha512-lyuxPGr/Wfhrlem2CL/UcnUc1zcqKAImBDzukY7Y5F/yQiNdko6+fRLevlw1HgMySw7f611UIY408EtxRSoK3Q==",
      "requires": {
        "js-tokens": "^3.0.0 || ^4.0.0"
      }
    },
    "object-assign": {
      "version": "4.1.1",
      "resolved": "https://registry.npmjs.org/object-assign/-/object-assign-4.1.1.tgz",
      "integrity": "sha512-rJgTQnkUnH1sFw8yT6VSU3zD3sWmu6sZhIseY8VX+GRu3P6F7Fu+JNDoXfklElbLJSnc3FUQHVe4cU5hj+BcUg=="
    },
    "prop-types": {
      "version": "15.8.1",
      "resolved": "https://registry.npmjs.org/prop-types/-/prop-types-15.8.1.tgz",
      "integrity": "sha512-oj87CgZICdulUohogVAR7AjlC0327U4el4L6eAvOqCeudMDVU0NThNaV+b9Df4dXgSP1gXMTnPdhfe/2qDH5cg==",
      "requires": {
        "loose-envify": "^1.4.0",
        "object-assign": "^4.1.1",
        "react-is": "^16.13.1"
      }
    },
    "react": {
      "version": "18.2.0",
      "resolved": "https://registry.npmjs.org/react/-/react-18.2.0.tgz",
      "integrity": "sha512-/3IjMdb2L9QbBdWiW5e3P2/npwMBaU9mHCSCUzNln0ZCYbcfTsGbTJrU/kGemdH2IWmB2ioZ+zkxtmq6g09fGQ==",
      "peer": true,
      "requires": {
        "loose-envify": "^1.1.0"
      }
    },
    "react-image-fallback": {
      "version": "8.0.0",
      "resolved": "https://registry.npmjs.org/react-image-fallback/-/react-image-fallback-8.0.0.tgz",
      "integrity": "sha512-vvlxApJU7/mVl/1PYZTYROHZsG8cBxhHWj4JqkjN/ZAyf5srdAdIW0fg25jz5CYhGbKRJyv1WRrkNiy5FOA7kw==",
      "requires": {
        "filter-invalid-dom-props": "1.0.0",
        "prop-types": "^15.5.10"
      }
    },
    "react-is": {
      "version": "16.13.1",
      "resolved": "https://registry.npmjs.org/react-is/-/react-is-16.13.1.tgz",
      "integrity": "sha512-24e6ynE2H+OKt4kqsOvNd8kBpV65zoxbA4BVsEOB3ARVWQki/DHzaUoC5KuON/BiccDaCCTZBuOcfZs70kR8bQ=="
    }
  }
}
